
Microsoft Visual Studio Solution File, Format Version 12.00
# Visual Studio Version 17
VisualStudioVersion = 17.5.002.0
MinimumVisualStudioVersion = 10.0.40219.1
Project("{9A19103F-16F7-4668-BE54-9A1E7A4F7556}") = "CursoBaltaIo-Exceptions", "CursoBaltaIo-Exceptions.csproj", "{39DD826A-CAA7-49BC-8118-C2211AF1987E}"
EndProject
Global
	GlobalSection(SolutionConfigurationPlatforms) = preSolution
		Debug|Any CPU = Debug|Any CPU
		Release|Any CPU = Release|Any CPU
	EndGlobalSection
	GlobalSection(ProjectConfigurationPlatforms) = postSolution
		{39DD826A-CAA7-49BC-8118-C2211AF1987E}.Debug|Any CPU.ActiveCfg = Debug|Any CPU
		{39DD826A-CAA7-49BC-8118-C2211AF1987E}.Debug|Any CPU.Build.0 = Debug|Any CPU
		{39DD826A-CAA7-49BC-8118-C2211AF1987E}.Release|Any CPU.ActiveCfg = Release|Any CPU
		{39DD826A-CAA7-49BC-8118-C2211AF1987E}.Release|Any CPU.Build.0 = Release|Any CPU
	EndGlobalSection
	GlobalSection(SolutionProperties) = preSolution
		HideSolutionNode = FALSE
	EndGlobalSection
	GlobalSection(ExtensibilityGlobals) = postSolution
		SolutionGuid = {A83BF6C3-BBD3-4957-A2EA-E4D1143AA7F3}
	EndGlobalSection
EndGlobal
